// !$*UTF8*$!
{
	archiveVersion = 1;
	classes = {
	};
	objectVersion = 50;
	objects = {

/* Begin PBXBuildFile section */
		84A95640249B1E9A0039266A /* AppDelegate.swift in Sources */ = {isa = PBXBuildFile; fileRef = 84A9563F249B1E9A0039266A /* AppDelegate.swift */; };
		84A95642249B1E9A0039266A /* SceneDelegate.swift in Sources */ = {isa = PBXBuildFile; fileRef = 84A95641249B1E9A0039266A /* SceneDelegate.swift */; };
		84A95647249B1E9A0039266A /* Main.storyboard in Resources */ = {isa = PBXBuildFile; fileRef = 84A95645249B1E9A0039266A /* Main.storyboard */; };
		84A95649249B1E9D0039266A /* Assets.xcassets in Resources */ = {isa = PBXBuildFile; fileRef = 84A95648249B1E9D0039266A /* Assets.xcassets */; };
		84A9564C249B1E9D0039266A /* LaunchScreen.storyboard in Resources */ = {isa = PBXBuildFile; fileRef = 84A9564A249B1E9D0039266A /* LaunchScreen.storyboard */; };
		84A95656249B1ED60039266A /* Article.swift in Sources */ = {isa = PBXBuildFile; fileRef = 84A95655249B1ED60039266A /* Article.swift */; };
		84A9565B249B1F1A0039266A /* ArticleController.swift in Sources */ = {isa = PBXBuildFile; fileRef = 84A9565A249B1F1A0039266A /* ArticleController.swift */; };
		84A9565E249B20F40039266A /* ArticleError.swift in Sources */ = {isa = PBXBuildFile; fileRef = 84A9565D249B20F40039266A /* ArticleError.swift */; };
		84A95660249B24930039266A /* ErrorActionSheetExtension.swift in Sources */ = {isa = PBXBuildFile; fileRef = 84A9565F249B24930039266A /* ErrorActionSheetExtension.swift */; };
		84A95665249B25DD0039266A /* ArticleTableViewCell.swift in Sources */ = {isa = PBXBuildFile; fileRef = 84A95664249B25DD0039266A /* ArticleTableViewCell.swift */; };
		84A95667249B27430039266A /* ArticleTableViewController.swift in Sources */ = {isa = PBXBuildFile; fileRef = 84A95666249B27430039266A /* ArticleTableViewController.swift */; };
/* End PBXBuildFile section */

/* Begin PBXFileReference section */
		84A9563C249B1E9A0039266A /* ArticleFeed.app */ = {isa = PBXFileReference; explicitFileType = wrapper.application; includeInIndex = 0; path = ArticleFeed.app; sourceTree = BUILT_PRODUCTS_DIR; };
		84A9563F249B1E9A0039266A /* AppDelegate.swift */ = {isa = PBXFileReference; lastKnownFileType = sourcecode.swift; path = AppDelegate.swift; sourceTree = "<group>"; };
		84A95641249B1E9A0039266A /* SceneDelegate.swift */ = {isa = PBXFileReference; lastKnownFileType = sourcecode.swift; path = SceneDelegate.swift; sourceTree = "<group>"; };
		84A95646249B1E9A0039266A /* Base */ = {isa = PBXFileReference; lastKnownFileType = file.storyboard; name = Base; path = Base.lproj/Main.storyboard; sourceTree = "<group>"; };
		84A95648249B1E9D0039266A /* Assets.xcassets */ = {isa = PBXFileReference; lastKnownFileType = folder.assetcatalog; path = Assets.xcassets; sourceTree = "<group>"; };
		84A9564B249B1E9D0039266A /* Base */ = {isa = PBXFileReference; lastKnownFileType = file.storyboard; name = Base; path = Base.lproj/LaunchScreen.storyboard; sourceTree = "<group>"; };
		84A9564D249B1E9D0039266A /* Info.plist */ = {isa = PBXFileReference; lastKnownFileType = text.plist.xml; path = Info.plist; sourceTree = "<group>"; };
		84A95655249B1ED60039266A /* Article.swift */ = {isa = PBXFileReference; lastKnownFileType = sourcecode.swift; path = Article.swift; sourceTree = "<group>"; };
		84A9565A249B1F1A0039266A /* ArticleController.swift */ = {isa = PBXFileReference; lastKnownFileType = sourcecode.swift; path = ArticleController.swift; sourceTree = "<group>"; };
		84A9565D249B20F40039266A /* ArticleError.swift */ = {isa = PBXFileReference; lastKnownFileType = sourcecode.swift; path = ArticleError.swift; sourceTree = "<group>"; };
		84A9565F249B24930039266A /* ErrorActionSheetExtension.swift */ = {isa = PBXFileReference; lastKnownFileType = sourcecode.swift; path = ErrorActionSheetExtension.swift; sourceTree = "<group>"; };
		84A95664249B25DD0039266A /* ArticleTableViewCell.swift */ = {isa = PBXFileReference; lastKnownFileType = sourcecode.swift; path = ArticleTableViewCell.swift; sourceTree = "<group>"; };
		84A95666249B27430039266A /* ArticleTableViewController.swift */ = {isa = PBXFileReference; lastKnownFileType = sourcecode.swift; path = ArticleTableViewController.swift; sourceTree = "<group>"; };
/* End PBXFileReference section */

/* Begin PBXFrameworksBuildPhase section */
		84A95639249B1E9A0039266A /* Frameworks */ = {
			isa = PBXFrameworksBuildPhase;
			buildActionMask = 2147483647;
			files = (
			);
			runOnlyForDeploymentPostprocessing = 0;
		};
/* End PBXFrameworksBuildPhase section */

/* Begin PBXGroup section */
		84A95633249B1E9A0039266A = {
			isa = PBXGroup;
			children = (
				84A9563E249B1E9A0039266A /* ArticleFeed */,
				84A9563D249B1E9A0039266A /* Products */,
			);
			sourceTree = "<group>";
		};
		84A9563D249B1E9A0039266A /* Products */ = {
			isa = PBXGroup;
			children = (
				84A9563C249B1E9A0039266A /* ArticleFeed.app */,
			);
			name = Products;
			sourceTree = "<group>";
		};
		84A9563E249B1E9A0039266A /* ArticleFeed */ = {
			isa = PBXGroup;
			children = (
				84A95663249B25C50039266A /* CustomViews */,
				84A9565C249B20DD0039266A /* Helpers */,
				84A95657249B1EF30039266A /* Controllers */,
				84A95654249B1EC10039266A /* Models */,
				84A95653249B1EB60039266A /* Resources */,
				84A95645249B1E9A0039266A /* Main.storyboard */,
			);
			path = ArticleFeed;
			sourceTree = "<group>";
		};
		84A95653249B1EB60039266A /* Resources */ = {
			isa = PBXGroup;
			children = (
				84A9563F249B1E9A0039266A /* AppDelegate.swift */,
				84A95641249B1E9A0039266A /* SceneDelegate.swift */,
				84A95648249B1E9D0039266A /* Assets.xcassets */,
				84A9564A249B1E9D0039266A /* LaunchScreen.storyboard */,
				84A9564D249B1E9D0039266A /* Info.plist */,
			);
			path = Resources;
			sourceTree = "<group>";
		};
		84A95654249B1EC10039266A /* Models */ = {
			isa = PBXGroup;
			children = (
				84A95655249B1ED60039266A /* Article.swift */,
			);
			path = Models;
			sourceTree = "<group>";
		};
		84A95657249B1EF30039266A /* Controllers */ = {
			isa = PBXGroup;
			children = (
				84A95659249B1F030039266A /* ViewController */,
				84A95658249B1EFA0039266A /* ModelController */,
			);
			path = Controllers;
			sourceTree = "<group>";
		};
		84A95658249B1EFA0039266A /* ModelController */ = {
			isa = PBXGroup;
			children = (
				84A9565A249B1F1A0039266A /* ArticleController.swift */,
			);
			path = ModelController;
			sourceTree = "<group>";
		};
		84A95659249B1F030039266A /* ViewController */ = {
			isa = PBXGroup;
			children = (
				84A95666249B27430039266A /* ArticleTableViewController.swift */,
			);
			path = ViewController;
			sourceTree = "<group>";
		};
		84A9565C249B20DD0039266A /* Helpers */ = {
			isa = PBXGroup;
			children = (
				84A9565D249B20F40039266A /* ArticleError.swift */,
				84A9565F249B24930039266A /* ErrorActionSheetExtension.swift */,
			);
			path = Helpers;
			sourceTree = "<group>";
		};
		84A95663249B25C50039266A /* CustomViews */ = {
			isa = PBXGroup;
			children = (
				84A95664249B25DD0039266A /* ArticleTableViewCell.swift */,
			);
			path = CustomViews;
			sourceTree = "<group>";
		};
/* End PBXGroup section */

/* Begin PBXNativeTarget section */
		84A9563B249B1E9A0039266A /* ArticleFeed */ = {
			isa = PBXNativeTarget;
			buildConfigurationList = 84A95650249B1E9D0039266A /* Build configuration list for PBXNativeTarget "ArticleFeed" */;
			buildPhases = (
				84A95638249B1E9A0039266A /* Sources */,
				84A95639249B1E9A0039266A /* Frameworks */,
				84A9563A249B1E9A0039266A /* Resources */,
			);
			buildRules = (
			);
			dependencies = (
			);
			name = ArticleFeed;
			productName = ArticleFeed;
			productReference = 84A9563C249B1E9A0039266A /* ArticleFeed.app */;
			productType = "com.apple.product-type.application";
		};
/* End PBXNativeTarget section */

/* Begin PBXProject section */
		84A95634249B1E9A0039266A /* Project object */ = {
			isa = PBXProject;
			attributes = {
				LastSwiftUpdateCheck = 1140;
				LastUpgradeCheck = 1140;
				ORGANIZATIONNAME = Admin;
				TargetAttributes = {
					84A9563B249B1E9A0039266A = {
						CreatedOnToolsVersion = 11.4.1;
					};
				};
			};
			buildConfigurationList = 84A95637249B1E9A0039266A /* Build configuration list for PBXProject "ArticleFeed" */;
			compatibilityVersion = "Xcode 9.3";
			developmentRegion = en;
			hasScannedForEncodings = 0;
			knownRegions = (
				en,
				Base,
			);
			mainGroup = 84A95633249B1E9A0039266A;
			productRefGroup = 84A9563D249B1E9A0039266A /* Products */;
			projectDirPath = "";
			projectRoot = "";
			targets = (
				84A9563B249B1E9A0039266A /* ArticleFeed */,
			);
		};
/* End PBXProject section */

/* Begin PBXResourcesBuildPhase section */
		84A9563A249B1E9A0039266A /* Resources */ = {
			isa = PBXResourcesBuildPhase;
			buildActionMask = 2147483647;
			files = (
				84A9564C249B1E9D0039266A /* LaunchScreen.storyboard in Resources */,
				84A95649249B1E9D0039266A /* Assets.xcassets in Resources */,
				84A95647249B1E9A0039266A /* Main.storyboard in Resources */,
			);
			runOnlyForDeploymentPostprocessing = 0;
		};
/* End PBXResourcesBuildPhase section */

/* Begin PBXSourcesBuildPhase section */
		84A95638249B1E9A0039266A /* Sources */ = {
			isa = PBXSourcesBuildPhase;
			buildActionMask = 2147483647;
			files = (
				84A95656249B1ED60039266A /* Article.swift in Sources */,
				84A9565E249B20F40039266A /* ArticleError.swift in Sources */,
				84A9565B249B1F1A0039266A /* ArticleController.swift in Sources */,
				84A95667249B27430039266A /* ArticleTableViewController.swift in Sources */,
				84A95665249B25DD0039266A /* ArticleTableViewCell.swift in Sources */,
				84A95640249B1E9A0039266A /* AppDelegate.swift in Sources */,
				84A95660249B24930039266A /* ErrorActionSheetExtension.swift in Sources */,
				84A95642249B1E9A0039266A /* SceneDelegate.swift in Sources */,
			);
			runOnlyForDeploymentPostprocessing = 0;
		};
/* End PBXSourcesBuildPhase section */

/* Begin PBXVariantGroup section */
		84A95645249B1E9A0039266A /* Main.storyboard */ = {
			isa = PBXVariantGroup;
			children = (
				84A95646249B1E9A0039266A /* Base */,
			);
			name = Main.storyboard;
			sourceTree = "<group>";
		};
		84A9564A249B1E9D0039266A /* LaunchScreen.storyboard */ = {
			isa = PBXVariantGroup;
			children = (
				84A9564B249B1E9D0039266A /* Base */,
			);
			name = LaunchScreen.storyboard;
			sourceTree = "<group>";
		};
/* End PBXVariantGroup section */

/* Begin XCBuildConfiguration section */
		84A9564E249B1E9D0039266A /* Debug */ = {
			isa = XCBuildConfiguration;
			buildSettings = {
				ALWAYS_SEARCH_USER_PATHS = NO;
				CLANG_ANALYZER_NONNULL = YES;
				CLANG_ANALYZER_NUMBER_OBJECT_CONVERSION = YES_AGGRESSIVE;
				CLANG_CXX_LANGUAGE_STANDARD = "gnu++14";
				CLANG_CXX_LIBRARY = "libc++";
				CLANG_ENABLE_MODULES = YES;
				CLANG_ENABLE_OBJC_ARC = YES;
				CLANG_ENABLE_OBJC_WEAK = YES;
				CLANG_WARN_BLOCK_CAPTURE_AUTORELEASING = YES;
				CLANG_WARN_BOOL_CONVERSION = YES;
				CLANG_WARN_COMMA = YES;
				CLANG_WARN_CONSTANT_CONVERSION = YES;
				CLANG_WARN_DEPRECATED_OBJC_IMPLEMENTATIONS = YES;
				CLANG_WARN_DIRECT_OBJC_ISA_USAGE = YES_ERROR;
				CLANG_WARN_DOCUMENTATION_COMMENTS = YES;
				CLANG_WARN_EMPTY_BODY = YES;
				CLANG_WARN_ENUM_CONVERSION = YES;
				CLANG_WARN_INFINITE_RECURSION = YES;
				CLANG_WARN_INT_CONVERSION = YES;
				CLANG_WARN_NON_LITERAL_NULL_CONVERSION = YES;
				CLANG_WARN_OBJC_IMPLICIT_RETAIN_SELF = YES;
				CLANG_WARN_OBJC_LITERAL_CONVERSION = YES;
				CLANG_WARN_OBJC_ROOT_CLASS = YES_ERROR;
				CLANG_WARN_RANGE_LOOP_ANALYSIS = YES;
				CLANG_WARN_STRICT_PROTOTYPES = YES;
				CLANG_WARN_SUSPICIOUS_MOVE = YES;
				CLANG_WARN_UNGUARDED_AVAILABILITY = YES_AGGRESSIVE;
				CLANG_WARN_UNREACHABLE_CODE = YES;
				CLANG_WARN__DUPLICATE_METHOD_MATCH = YES;
				COPY_PHASE_STRIP = NO;
				DEBUG_INFORMATION_FORMAT = dwarf;
				ENABLE_STRICT_OBJC_MSGSEND = YES;
				ENABLE_TESTABILITY = YES;
				GCC_C_LANGUAGE_STANDARD = gnu11;
				GCC_DYNAMIC_NO_PIC = NO;
				GCC_NO_COMMON_BLOCKS = YES;
				GCC_OPTIMIZATION_LEVEL = 0;
				GCC_PREPROCESSOR_DEFINITIONS = (
					"DEBUG=1",
					"$(inherited)",
				);
				GCC_WARN_64_TO_32_BIT_CONVERSION = YES;
				GCC_WARN_ABOUT_RETURN_TYPE = YES_ERROR;
				GCC_WARN_UNDECLARED_SELECTOR = YES;
				GCC_WARN_UNINITIALIZED_AUTOS = YES_AGGRESSIVE;
				GCC_WARN_UNUSED_FUNCTION = YES;
				GCC_WARN_UNUSED_VARIABLE = YES;
				IPHONEOS_DEPLOYMENT_TARGET = 13.4;
				MTL_ENABLE_DEBUG_INFO = INCLUDE_SOURCE;
				MTL_FAST_MATH = YES;
				ONLY_ACTIVE_ARCH = YES;
				SDKROOT = iphoneos;
				SWIFT_ACTIVE_COMPILATION_CONDITIONS = DEBUG;
				SWIFT_OPTIMIZATION_LEVEL = "-Onone";
			};
			name = Debug;
		};
		84A9564F249B1E9D0039266A /* Release */ = {
			isa = XCBuildConfiguration;
			buildSettings = {
				ALWAYS_SEARCH_USER_PATHS = NO;
				CLANG_ANALYZER_NONNULL = YES;
				CLANG_ANALYZER_NUMBER_OBJECT_CONVERSION = YES_AGGRESSIVE;
				CLANG_CXX_LANGUAGE_STANDARD = "gnu++14";
				CLANG_CXX_LIBRARY = "libc++";
				CLANG_ENABLE_MODULES = YES;
				CLANG_ENABLE_OBJC_ARC = YES;
				CLANG_ENABLE_OBJC_WEAK = YES;
				CLANG_WARN_BLOCK_CAPTURE_AUTORELEASING = YES;
				CLANG_WARN_BOOL_CONVERSION = YES;
				CLANG_WARN_COMMA = YES;
				CLANG_WARN_CONSTANT_CONVERSION = YES;
				CLANG_WARN_DEPRECATED_OBJC_IMPLEMENTATIONS = YES;
				CLANG_WARN_DIRECT_OBJC_ISA_USAGE = YES_ERROR;
				CLANG_WARN_DOCUMENTATION_COMMENTS = YES;
				CLANG_WARN_EMPTY_BODY = YES;
				CLANG_WARN_ENUM_CONVERSION = YES;
				CLANG_WARN_INFINITE_RECURSION = YES;
				CLANG_WARN_INT_CONVERSION = YES;
				CLANG_WARN_NON_LITERAL_NULL_CONVERSION = YES;
				CLANG_WARN_OBJC_IMPLICIT_RETAIN_SELF = YES;
				CLANG_WARN_OBJC_LITERAL_CONVERSION = YES;
				CLANG_WARN_OBJC_ROOT_CLASS = YES_ERROR;
				CLANG_WARN_RANGE_LOOP_ANALYSIS = YES;
				CLANG_WARN_STRICT_PROTOTYPES = YES;
				CLANG_WARN_SUSPICIOUS_MOVE = YES;
				CLANG_WARN_UNGUARDED_AVAILABILITY = YES_AGGRESSIVE;
				CLANG_WARN_UNREACHABLE_CODE = YES;
				CLANG_WARN__DUPLICATE_METHOD_MATCH = YES;
				COPY_PHASE_STRIP = NO;
				DEBUG_INFORMATION_FORMAT = "dwarf-with-dsym";
				ENABLE_NS_ASSERTIONS = NO;
				ENABLE_STRICT_OBJC_MSGSEND = YES;
				GCC_C_LANGUAGE_STANDARD = gnu11;
				GCC_NO_COMMON_BLOCKS = YES;
				GCC_WARN_64_TO_32_BIT_CONVERSION = YES;
				GCC_WARN_ABOUT_RETURN_TYPE = YES_ERROR;
				GCC_WARN_UNDECLARED_SELECTOR = YES;
				GCC_WARN_UNINITIALIZED_AUTOS = YES_AGGRESSIVE;
				GCC_WARN_UNUSED_FUNCTION = YES;
				GCC_WARN_UNUSED_VARIABLE = YES;
				IPHONEOS_DEPLOYMENT_TARGET = 13.4;
				MTL_ENABLE_DEBUG_INFO = NO;
				MTL_FAST_MATH = YES;
				SDKROOT = iphoneos;
				SWIFT_COMPILATION_MODE = wholemodule;
				SWIFT_OPTIMIZATION_LEVEL = "-O";
				VALIDATE_PRODUCT = YES;
			};
			name = Release;
		};
		84A95651249B1E9D0039266A /* Debug */ = {
			isa = XCBuildConfiguration;
			buildSettings = {
				ASSETCATALOG_COMPILER_APPICON_NAME = AppIcon;
				CODE_SIGN_STYLE = Automatic;
				DEVELOPMENT_TEAM = Z6S8PVK4V9;
				INFOPLIST_FILE = "$(SRCROOT)/ArticleFeed/Resources/Info.plist";
				LD_RUNPATH_SEARCH_PATHS = (
					"$(inherited)",
					"@executable_path/Frameworks",
				);
				PRODUCT_BUNDLE_IDENTIFIER = com.iljoochae.ArticleFeed;
				PRODUCT_NAME = "$(TARGET_NAME)";
				SWIFT_VERSION = 5.0;
				TARGETED_DEVICE_FAMILY = "1,2";
			};
			name = Debug;
		};
		84A95652249B1E9D0039266A /* Release */ = {
			isa = XCBuildConfiguration;
			buildSettings = {
				ASSETCATALOG_COMPILER_APPICON_NAME = AppIcon;
				CODE_SIGN_STYLE = Automatic;
				DEVELOPMENT_TEAM = Z6S8PVK4V9;
				INFOPLIST_FILE = "$(SRCROOT)/ArticleFeed/Resources/Info.plist";
				LD_RUNPATH_SEARCH_PATHS = (
					"$(inherited)",
					"@executable_path/Frameworks",
				);
				PRODUCT_BUNDLE_IDENTIFIER = com.iljoochae.ArticleFeed;
				PRODUCT_NAME = "$(TARGET_NAME)";
				SWIFT_VERSION = 5.0;
				TARGETED_DEVICE_FAMILY = "1,2";
			};
			name = Release;
		};
/* End XCBuildConfiguration section */

/* Begin XCConfigurationList section */
		84A95637249B1E9A0039266A /* Build configuration list for PBXProject "ArticleFeed" */ = {
			isa = XCConfigurationList;
			buildConfigurations = (
				84A9564E249B1E9D0039266A /* Debug */,
				84A9564F249B1E9D0039266A /* Release */,
			);
			defaultConfigurationIsVisible = 0;
			defaultConfigurationName = Release;
		};
		84A95650249B1E9D0039266A /* Build configuration list for PBXNativeTarget "ArticleFeed" */ = {
			isa = XCConfigurationList;
			buildConfigurations = (
				84A95651249B1E9D0039266A /* Debug */,
				84A95652249B1E9D0039266A /* Release */,
			);
			defaultConfigurationIsVisible = 0;
			defaultConfigurationName = Release;
		};
/* End XCConfigurationList section */
	};
	rootObject = 84A95634249B1E9A0039266A /* Project object */;
}
